{
  "requires": true,
  "lockfileVersion": 1,
  "dependencies": {
    "@quenty/maid": {
      "version": "2.4.0",
      "resolved": "https://registry.npmjs.org/@quenty/maid/-/maid-2.4.0.tgz",
      "integrity": "sha512-b8DsrMx0G19K6vknAK6OdIwTwVQnpZdiNU8wefoYb1SUS+GwxKiIEkHy1YB0a8GYuwgFZkKuFqkbD667C7tuXg=="
    }
  }
}
